
Microsoft Visual Studio Solution File, Format Version 12.00
# Visual Studio 2012
Project("{D954291E-2A0B-460D-934E-DC6B0785DB48}") = "Finances", "Finances\Finances.shproj", "{49F6B0BA-19FC-453C-A222-D2BF4890A203}"
EndProject
Project("{FAE04EC0-301F-11D3-BF4B-00C04F79EFBC}") = "Finances.iOS", "iOS\Finances.iOS.csproj", "{3A6A0D23-3A55-4666-BFF2-EFADE17B2CBF}"
EndProject
Project("{FAE04EC0-301F-11D3-BF4B-00C04F79EFBC}") = "Finances.Droid", "Droid\Finances.Droid.csproj", "{405DB0AD-648F-4929-BA5C-E5C43960AF69}"
EndProject
Global
	GlobalSection(SolutionConfigurationPlatforms) = preSolution
		Debug|iPhoneSimulator = Debug|iPhoneSimulator
		Release|iPhone = Release|iPhone
		Release|iPhoneSimulator = Release|iPhoneSimulator
		Debug|iPhone = Debug|iPhone
		Debug|Any CPU = Debug|Any CPU
		Release|Any CPU = Release|Any CPU
	EndGlobalSection
	GlobalSection(ProjectConfigurationPlatforms) = postSolution
		{3A6A0D23-3A55-4666-BFF2-EFADE17B2CBF}.Debug|iPhoneSimulator.ActiveCfg = Debug|iPhoneSimulator
		{3A6A0D23-3A55-4666-BFF2-EFADE17B2CBF}.Debug|iPhoneSimulator.Build.0 = Debug|iPhoneSimulator
		{3A6A0D23-3A55-4666-BFF2-EFADE17B2CBF}.Release|iPhone.ActiveCfg = Release|iPhone
		{3A6A0D23-3A55-4666-BFF2-EFADE17B2CBF}.Release|iPhone.Build.0 = Release|iPhone
		{3A6A0D23-3A55-4666-BFF2-EFADE17B2CBF}.Release|iPhoneSimulator.ActiveCfg = Release|iPhoneSimulator
		{3A6A0D23-3A55-4666-BFF2-EFADE17B2CBF}.Release|iPhoneSimulator.Build.0 = Release|iPhoneSimulator
		{3A6A0D23-3A55-4666-BFF2-EFADE17B2CBF}.Debug|iPhone.ActiveCfg = Debug|iPhone
		{3A6A0D23-3A55-4666-BFF2-EFADE17B2CBF}.Debug|iPhone.Build.0 = Debug|iPhone
		{3A6A0D23-3A55-4666-BFF2-EFADE17B2CBF}.Debug|Any CPU.ActiveCfg = Debug|iPhoneSimulator
		{3A6A0D23-3A55-4666-BFF2-EFADE17B2CBF}.Debug|Any CPU.Build.0 = Debug|iPhoneSimulator
		{3A6A0D23-3A55-4666-BFF2-EFADE17B2CBF}.Release|Any CPU.ActiveCfg = Release|iPhone
		{3A6A0D23-3A55-4666-BFF2-EFADE17B2CBF}.Release|Any CPU.Build.0 = Release|iPhone
		{405DB0AD-648F-4929-BA5C-E5C43960AF69}.Debug|iPhoneSimulator.ActiveCfg = Debug|Any CPU
		{405DB0AD-648F-4929-BA5C-E5C43960AF69}.Debug|iPhoneSimulator.Build.0 = Debug|Any CPU
		{405DB0AD-648F-4929-BA5C-E5C43960AF69}.Release|iPhone.ActiveCfg = Release|Any CPU
		{405DB0AD-648F-4929-BA5C-E5C43960AF69}.Release|iPhone.Build.0 = Release|Any CPU
		{405DB0AD-648F-4929-BA5C-E5C43960AF69}.Release|iPhoneSimulator.ActiveCfg = Release|Any CPU
		{405DB0AD-648F-4929-BA5C-E5C43960AF69}.Release|iPhoneSimulator.Build.0 = Release|Any CPU
		{405DB0AD-648F-4929-BA5C-E5C43960AF69}.Debug|iPhone.ActiveCfg = Debug|Any CPU
		{405DB0AD-648F-4929-BA5C-E5C43960AF69}.Debug|iPhone.Build.0 = Debug|Any CPU
		{405DB0AD-648F-4929-BA5C-E5C43960AF69}.Debug|Any CPU.ActiveCfg = Debug|Any CPU
		{405DB0AD-648F-4929-BA5C-E5C43960AF69}.Debug|Any CPU.Build.0 = Debug|Any CPU
		{405DB0AD-648F-4929-BA5C-E5C43960AF69}.Release|Any CPU.ActiveCfg = Release|Any CPU
		{405DB0AD-648F-4929-BA5C-E5C43960AF69}.Release|Any CPU.Build.0 = Release|Any CPU
	EndGlobalSection
EndGlobal
